// !$*UTF8*$!
{
	archiveVersion = 1;
	classes = {
	};
	objectVersion = 48;
	objects = {

/* Begin PBXBuildFile section */
		8E095B815DAAA9DCA8DB3364 /* Pods_POCTableView.framework in Frameworks */ = {isa = PBXBuildFile; fileRef = 561118346A105BA4C0FD0A3F /* Pods_POCTableView.framework */; };
		E533D55A206393D0009F9016 /* AppDelegate.swift in Sources */ = {isa = PBXBuildFile; fileRef = E533D559206393D0009F9016 /* AppDelegate.swift */; };
		E533D55C206393D0009F9016 /* ViewController.swift in Sources */ = {isa = PBXBuildFile; fileRef = E533D55B206393D0009F9016 /* ViewController.swift */; };
		E533D55F206393D0009F9016 /* Main.storyboard in Resources */ = {isa = PBXBuildFile; fileRef = E533D55D206393D0009F9016 /* Main.storyboard */; };
		E533D561206393D0009F9016 /* Assets.xcassets in Resources */ = {isa = PBXBuildFile; fileRef = E533D560206393D0009F9016 /* Assets.xcassets */; };
		E533D564206393D0009F9016 /* LaunchScreen.storyboard in Resources */ = {isa = PBXBuildFile; fileRef = E533D562206393D0009F9016 /* LaunchScreen.storyboard */; };
		E533D56C206396E5009F9016 /* ChatData.swift in Sources */ = {isa = PBXBuildFile; fileRef = E533D56B206396E5009F9016 /* ChatData.swift */; };
		E533D5702063A19B009F9016 /* CustomTableViewCell.swift in Sources */ = {isa = PBXBuildFile; fileRef = E533D56E2063A19B009F9016 /* CustomTableViewCell.swift */; };
		E533D5712063A19B009F9016 /* CustomTableViewCell.xib in Resources */ = {isa = PBXBuildFile; fileRef = E533D56F2063A19B009F9016 /* CustomTableViewCell.xib */; };
/* End PBXBuildFile section */

/* Begin PBXFileReference section */
		3CAD82714094E0FA47C1DDE3 /* Pods-POCTableView.debug.xcconfig */ = {isa = PBXFileReference; includeInIndex = 1; lastKnownFileType = text.xcconfig; name = "Pods-POCTableView.debug.xcconfig"; path = "Pods/Target Support Files/Pods-POCTableView/Pods-POCTableView.debug.xcconfig"; sourceTree = "<group>"; };
		561118346A105BA4C0FD0A3F /* Pods_POCTableView.framework */ = {isa = PBXFileReference; explicitFileType = wrapper.framework; includeInIndex = 0; path = Pods_POCTableView.framework; sourceTree = BUILT_PRODUCTS_DIR; };
		9C4AD1DD37C9E440D261A4DA /* Pods-POCTableView.release.xcconfig */ = {isa = PBXFileReference; includeInIndex = 1; lastKnownFileType = text.xcconfig; name = "Pods-POCTableView.release.xcconfig"; path = "Pods/Target Support Files/Pods-POCTableView/Pods-POCTableView.release.xcconfig"; sourceTree = "<group>"; };
		E533D556206393D0009F9016 /* POCTableView.app */ = {isa = PBXFileReference; explicitFileType = wrapper.application; includeInIndex = 0; path = POCTableView.app; sourceTree = BUILT_PRODUCTS_DIR; };
		E533D559206393D0009F9016 /* AppDelegate.swift */ = {isa = PBXFileReference; lastKnownFileType = sourcecode.swift; path = AppDelegate.swift; sourceTree = "<group>"; };
		E533D55B206393D0009F9016 /* ViewController.swift */ = {isa = PBXFileReference; lastKnownFileType = sourcecode.swift; path = ViewController.swift; sourceTree = "<group>"; };
		E533D55E206393D0009F9016 /* Base */ = {isa = PBXFileReference; lastKnownFileType = file.storyboard; name = Base; path = Base.lproj/Main.storyboard; sourceTree = "<group>"; };
		E533D560206393D0009F9016 /* Assets.xcassets */ = {isa = PBXFileReference; lastKnownFileType = folder.assetcatalog; path = Assets.xcassets; sourceTree = "<group>"; };
		E533D563206393D0009F9016 /* Base */ = {isa = PBXFileReference; lastKnownFileType = file.storyboard; name = Base; path = Base.lproj/LaunchScreen.storyboard; sourceTree = "<group>"; };
		E533D565206393D0009F9016 /* Info.plist */ = {isa = PBXFileReference; lastKnownFileType = text.plist.xml; path = Info.plist; sourceTree = "<group>"; };
		E533D56B206396E5009F9016 /* ChatData.swift */ = {isa = PBXFileReference; lastKnownFileType = sourcecode.swift; path = ChatData.swift; sourceTree = "<group>"; };
		E533D56E2063A19B009F9016 /* CustomTableViewCell.swift */ = {isa = PBXFileReference; lastKnownFileType = sourcecode.swift; path = CustomTableViewCell.swift; sourceTree = "<group>"; };
		E533D56F2063A19B009F9016 /* CustomTableViewCell.xib */ = {isa = PBXFileReference; lastKnownFileType = file.xib; path = CustomTableViewCell.xib; sourceTree = "<group>"; };
/* End PBXFileReference section */

/* Begin PBXFrameworksBuildPhase section */
		E533D553206393D0009F9016 /* Frameworks */ = {
			isa = PBXFrameworksBuildPhase;
			buildActionMask = 2147483647;
			files = (
				8E095B815DAAA9DCA8DB3364 /* Pods_POCTableView.framework in Frameworks */,
			);
			runOnlyForDeploymentPostprocessing = 0;
		};
/* End PBXFrameworksBuildPhase section */

/* Begin PBXGroup section */
		8A873548D633AB4F35D053E0 /* Frameworks */ = {
			isa = PBXGroup;
			children = (
				561118346A105BA4C0FD0A3F /* Pods_POCTableView.framework */,
			);
			name = Frameworks;
			sourceTree = "<group>";
		};
		CB42B4CB7C864E1BD1EC931D /* Pods */ = {
			isa = PBXGroup;
			children = (
				3CAD82714094E0FA47C1DDE3 /* Pods-POCTableView.debug.xcconfig */,
				9C4AD1DD37C9E440D261A4DA /* Pods-POCTableView.release.xcconfig */,
			);
			name = Pods;
			sourceTree = "<group>";
		};
		E533D54D206393D0009F9016 = {
			isa = PBXGroup;
			children = (
				E533D558206393D0009F9016 /* POCTableView */,
				E533D557206393D0009F9016 /* Products */,
				CB42B4CB7C864E1BD1EC931D /* Pods */,
				8A873548D633AB4F35D053E0 /* Frameworks */,
			);
			sourceTree = "<group>";
		};
		E533D557206393D0009F9016 /* Products */ = {
			isa = PBXGroup;
			children = (
				E533D556206393D0009F9016 /* POCTableView.app */,
			);
			name = Products;
			sourceTree = "<group>";
		};
		E533D558206393D0009F9016 /* POCTableView */ = {
			isa = PBXGroup;
			children = (
				E533D559206393D0009F9016 /* AppDelegate.swift */,
				E533D55B206393D0009F9016 /* ViewController.swift */,
				E533D55D206393D0009F9016 /* Main.storyboard */,
				E533D560206393D0009F9016 /* Assets.xcassets */,
				E533D562206393D0009F9016 /* LaunchScreen.storyboard */,
				E533D565206393D0009F9016 /* Info.plist */,
				E533D56B206396E5009F9016 /* ChatData.swift */,
				E533D56E2063A19B009F9016 /* CustomTableViewCell.swift */,
				E533D56F2063A19B009F9016 /* CustomTableViewCell.xib */,
			);
			path = POCTableView;
			sourceTree = "<group>";
		};
/* End PBXGroup section */

/* Begin PBXNativeTarget section */
		E533D555206393D0009F9016 /* POCTableView */ = {
			isa = PBXNativeTarget;
			buildConfigurationList = E533D568206393D0009F9016 /* Build configuration list for PBXNativeTarget "POCTableView" */;
			buildPhases = (
				DDB8B08EAE9697952C62BEE7 /* [CP] Check Pods Manifest.lock */,
				E533D552206393D0009F9016 /* Sources */,
				E533D553206393D0009F9016 /* Frameworks */,
				E533D554206393D0009F9016 /* Resources */,
				27B73521941C50A41CA79893 /* [CP] Embed Pods Frameworks */,
				91EB626783930B77FB794400 /* [CP] Copy Pods Resources */,
			);
			buildRules = (
			);
			dependencies = (
			);
			name = POCTableView;
			productName = POCTableView;
			productReference = E533D556206393D0009F9016 /* POCTableView.app */;
			productType = "com.apple.product-type.application";
		};
/* End PBXNativeTarget section */

/* Begin PBXProject section */
		E533D54E206393D0009F9016 /* Project object */ = {
			isa = PBXProject;
			attributes = {
				LastSwiftUpdateCheck = 0920;
				LastUpgradeCheck = 0920;
				ORGANIZATIONNAME = "B-Site";
				TargetAttributes = {
					E533D555206393D0009F9016 = {
						CreatedOnToolsVersion = 9.2;
						ProvisioningStyle = Automatic;
					};
				};
			};
			buildConfigurationList = E533D551206393D0009F9016 /* Build configuration list for PBXProject "POCTableView" */;
			compatibilityVersion = "Xcode 8.0";
			developmentRegion = en;
			hasScannedForEncodings = 0;
			knownRegions = (
				en,
				Base,
			);
			mainGroup = E533D54D206393D0009F9016;
			productRefGroup = E533D557206393D0009F9016 /* Products */;
			projectDirPath = "";
			projectRoot = "";
			targets = (
				E533D555206393D0009F9016 /* POCTableView */,
			);
		};
/* End PBXProject section */

/* Begin PBXResourcesBuildPhase section */
		E533D554206393D0009F9016 /* Resources */ = {
			isa = PBXResourcesBuildPhase;
			buildActionMask = 2147483647;
			files = (
				E533D564206393D0009F9016 /* LaunchScreen.storyboard in Resources */,
				E533D561206393D0009F9016 /* Assets.xcassets in Resources */,
				E533D5712063A19B009F9016 /* CustomTableViewCell.xib in Resources */,
				E533D55F206393D0009F9016 /* Main.storyboard in Resources */,
			);
			runOnlyForDeploymentPostprocessing = 0;
		};
/* End PBXResourcesBuildPhase section */

/* Begin PBXShellScriptBuildPhase section */
		27B73521941C50A41CA79893 /* [CP] Embed Pods Frameworks */ = {
			isa = PBXShellScriptBuildPhase;
			buildActionMask = 2147483647;
			files = (
			);
			inputPaths = (
				"${SRCROOT}/Pods/Target Support Files/Pods-POCTableView/Pods-POCTableView-frameworks.sh",
				"${BUILT_PRODUCTS_DIR}/RxSwift/RxSwift.framework",
			);
			name = "[CP] Embed Pods Frameworks";
			outputPaths = (
				"${TARGET_BUILD_DIR}/${FRAMEWORKS_FOLDER_PATH}/RxSwift.framework",
			);
			runOnlyForDeploymentPostprocessing = 0;
			shellPath = /bin/sh;
			shellScript = "\"${SRCROOT}/Pods/Target Support Files/Pods-POCTableView/Pods-POCTableView-frameworks.sh\"\n";
			showEnvVarsInLog = 0;
		};
		91EB626783930B77FB794400 /* [CP] Copy Pods Resources */ = {
			isa = PBXShellScriptBuildPhase;
			buildActionMask = 2147483647;
			files = (
			);
			inputPaths = (
			);
			name = "[CP] Copy Pods Resources";
			outputPaths = (
			);
			runOnlyForDeploymentPostprocessing = 0;
			shellPath = /bin/sh;
			shellScript = "\"${SRCROOT}/Pods/Target Support Files/Pods-POCTableView/Pods-POCTableView-resources.sh\"\n";
			showEnvVarsInLog = 0;
		};
		DDB8B08EAE9697952C62BEE7 /* [CP] Check Pods Manifest.lock */ = {
			isa = PBXShellScriptBuildPhase;
			buildActionMask = 2147483647;
			files = (
			);
			inputPaths = (
				"${PODS_PODFILE_DIR_PATH}/Podfile.lock",
				"${PODS_ROOT}/Manifest.lock",
			);
			name = "[CP] Check Pods Manifest.lock";
			outputPaths = (
				"$(DERIVED_FILE_DIR)/Pods-POCTableView-checkManifestLockResult.txt",
			);
			runOnlyForDeploymentPostprocessing = 0;
			shellPath = /bin/sh;
			shellScript = "diff \"${PODS_PODFILE_DIR_PATH}/Podfile.lock\" \"${PODS_ROOT}/Manifest.lock\" > /dev/null\nif [ $? != 0 ] ; then\n    # print error to STDERR\n    echo \"error: The sandbox is not in sync with the Podfile.lock. Run 'pod install' or update your CocoaPods installation.\" >&2\n    exit 1\nfi\n# This output is used by Xcode 'outputs' to avoid re-running this script phase.\necho \"SUCCESS\" > \"${SCRIPT_OUTPUT_FILE_0}\"\n";
			showEnvVarsInLog = 0;
		};
/* End PBXShellScriptBuildPhase section */

/* Begin PBXSourcesBuildPhase section */
		E533D552206393D0009F9016 /* Sources */ = {
			isa = PBXSourcesBuildPhase;
			buildActionMask = 2147483647;
			files = (
				E533D56C206396E5009F9016 /* ChatData.swift in Sources */,
				E533D55C206393D0009F9016 /* ViewController.swift in Sources */,
				E533D5702063A19B009F9016 /* CustomTableViewCell.swift in Sources */,
				E533D55A206393D0009F9016 /* AppDelegate.swift in Sources */,
			);
			runOnlyForDeploymentPostprocessing = 0;
		};
/* End PBXSourcesBuildPhase section */

/* Begin PBXVariantGroup section */
		E533D55D206393D0009F9016 /* Main.storyboard */ = {
			isa = PBXVariantGroup;
			children = (
				E533D55E206393D0009F9016 /* Base */,
			);
			name = Main.storyboard;
			sourceTree = "<group>";
		};
		E533D562206393D0009F9016 /* LaunchScreen.storyboard */ = {
			isa = PBXVariantGroup;
			children = (
				E533D563206393D0009F9016 /* Base */,
			);
			name = LaunchScreen.storyboard;
			sourceTree = "<group>";
		};
/* End PBXVariantGroup section */

/* Begin XCBuildConfiguration section */
		E533D566206393D0009F9016 /* Debug */ = {
			isa = XCBuildConfiguration;
			buildSettings = {
				ALWAYS_SEARCH_USER_PATHS = NO;
				CLANG_ANALYZER_NONNULL = YES;
				CLANG_ANALYZER_NUMBER_OBJECT_CONVERSION = YES_AGGRESSIVE;
				CLANG_CXX_LANGUAGE_STANDARD = "gnu++14";
				CLANG_CXX_LIBRARY = "libc++";
				CLANG_ENABLE_MODULES = YES;
				CLANG_ENABLE_OBJC_ARC = YES;
				CLANG_WARN_BLOCK_CAPTURE_AUTORELEASING = YES;
				CLANG_WARN_BOOL_CONVERSION = YES;
				CLANG_WARN_COMMA = YES;
				CLANG_WARN_CONSTANT_CONVERSION = YES;
				CLANG_WARN_DIRECT_OBJC_ISA_USAGE = YES_ERROR;
				CLANG_WARN_DOCUMENTATION_COMMENTS = YES;
				CLANG_WARN_EMPTY_BODY = YES;
				CLANG_WARN_ENUM_CONVERSION = YES;
				CLANG_WARN_INFINITE_RECURSION = YES;
				CLANG_WARN_INT_CONVERSION = YES;
				CLANG_WARN_NON_LITERAL_NULL_CONVERSION = YES;
				CLANG_WARN_OBJC_LITERAL_CONVERSION = YES;
				CLANG_WARN_OBJC_ROOT_CLASS = YES_ERROR;
				CLANG_WARN_RANGE_LOOP_ANALYSIS = YES;
				CLANG_WARN_STRICT_PROTOTYPES = YES;
				CLANG_WARN_SUSPICIOUS_MOVE = YES;
				CLANG_WARN_UNGUARDED_AVAILABILITY = YES_AGGRESSIVE;
				CLANG_WARN_UNREACHABLE_CODE = YES;
				CLANG_WARN__DUPLICATE_METHOD_MATCH = YES;
				CODE_SIGN_IDENTITY = "iPhone Developer";
				COPY_PHASE_STRIP = NO;
				DEBUG_INFORMATION_FORMAT = dwarf;
				ENABLE_STRICT_OBJC_MSGSEND = YES;
				ENABLE_TESTABILITY = YES;
				GCC_C_LANGUAGE_STANDARD = gnu11;
				GCC_DYNAMIC_NO_PIC = NO;
				GCC_NO_COMMON_BLOCKS = YES;
				GCC_OPTIMIZATION_LEVEL = 0;
				GCC_PREPROCESSOR_DEFINITIONS = (
					"DEBUG=1",
					"$(inherited)",
				);
				GCC_WARN_64_TO_32_BIT_CONVERSION = YES;
				GCC_WARN_ABOUT_RETURN_TYPE = YES_ERROR;
				GCC_WARN_UNDECLARED_SELECTOR = YES;
				GCC_WARN_UNINITIALIZED_AUTOS = YES_AGGRESSIVE;
				GCC_WARN_UNUSED_FUNCTION = YES;
				GCC_WARN_UNUSED_VARIABLE = YES;
				IPHONEOS_DEPLOYMENT_TARGET = 11.2;
				MTL_ENABLE_DEBUG_INFO = YES;
				ONLY_ACTIVE_ARCH = YES;
				SDKROOT = iphoneos;
				SWIFT_ACTIVE_COMPILATION_CONDITIONS = DEBUG;
				SWIFT_OPTIMIZATION_LEVEL = "-Onone";
			};
			name = Debug;
		};
		E533D567206393D0009F9016 /* Release */ = {
			isa = XCBuildConfiguration;
			buildSettings = {
				ALWAYS_SEARCH_USER_PATHS = NO;
				CLANG_ANALYZER_NONNULL = YES;
				CLANG_ANALYZER_NUMBER_OBJECT_CONVERSION = YES_AGGRESSIVE;
				CLANG_CXX_LANGUAGE_STANDARD = "gnu++14";
				CLANG_CXX_LIBRARY = "libc++";
				CLANG_ENABLE_MODULES = YES;
				CLANG_ENABLE_OBJC_ARC = YES;
				CLANG_WARN_BLOCK_CAPTURE_AUTORELEASING = YES;
				CLANG_WARN_BOOL_CONVERSION = YES;
				CLANG_WARN_COMMA = YES;
				CLANG_WARN_CONSTANT_CONVERSION = YES;
				CLANG_WARN_DIRECT_OBJC_ISA_USAGE = YES_ERROR;
				CLANG_WARN_DOCUMENTATION_COMMENTS = YES;
				CLANG_WARN_EMPTY_BODY = YES;
				CLANG_WARN_ENUM_CONVERSION = YES;
				CLANG_WARN_INFINITE_RECURSION = YES;
				CLANG_WARN_INT_CONVERSION = YES;
				CLANG_WARN_NON_LITERAL_NULL_CONVERSION = YES;
				CLANG_WARN_OBJC_LITERAL_CONVERSION = YES;
				CLANG_WARN_OBJC_ROOT_CLASS = YES_ERROR;
				CLANG_WARN_RANGE_LOOP_ANALYSIS = YES;
				CLANG_WARN_STRICT_PROTOTYPES = YES;
				CLANG_WARN_SUSPICIOUS_MOVE = YES;
				CLANG_WARN_UNGUARDED_AVAILABILITY = YES_AGGRESSIVE;
				CLANG_WARN_UNREACHABLE_CODE = YES;
				CLANG_WARN__DUPLICATE_METHOD_MATCH = YES;
				CODE_SIGN_IDENTITY = "iPhone Developer";
				COPY_PHASE_STRIP = NO;
				DEBUG_INFORMATION_FORMAT = "dwarf-with-dsym";
				ENABLE_NS_ASSERTIONS = NO;
				ENABLE_STRICT_OBJC_MSGSEND = YES;
				GCC_C_LANGUAGE_STANDARD = gnu11;
				GCC_NO_COMMON_BLOCKS = YES;
				GCC_WARN_64_TO_32_BIT_CONVERSION = YES;
				GCC_WARN_ABOUT_RETURN_TYPE = YES_ERROR;
				GCC_WARN_UNDECLARED_SELECTOR = YES;
				GCC_WARN_UNINITIALIZED_AUTOS = YES_AGGRESSIVE;
				GCC_WARN_UNUSED_FUNCTION = YES;
				GCC_WARN_UNUSED_VARIABLE = YES;
				IPHONEOS_DEPLOYMENT_TARGET = 11.2;
				MTL_ENABLE_DEBUG_INFO = NO;
				SDKROOT = iphoneos;
				SWIFT_OPTIMIZATION_LEVEL = "-Owholemodule";
				VALIDATE_PRODUCT = YES;
			};
			name = Release;
		};
		E533D569206393D0009F9016 /* Debug */ = {
			isa = XCBuildConfiguration;
			baseConfigurationReference = 3CAD82714094E0FA47C1DDE3 /* Pods-POCTableView.debug.xcconfig */;
			buildSettings = {
				ASSETCATALOG_COMPILER_APPICON_NAME = AppIcon;
				CODE_SIGN_STYLE = Automatic;
				DEVELOPMENT_TEAM = XC9K46G54C;
				INFOPLIST_FILE = POCTableView/Info.plist;
				LD_RUNPATH_SEARCH_PATHS = "$(inherited) @executable_path/Frameworks";
				PRODUCT_BUNDLE_IDENTIFIER = biz.bondan.POCTableView;
				PRODUCT_NAME = "$(TARGET_NAME)";
				SWIFT_VERSION = 4.0;
				TARGETED_DEVICE_FAMILY = "1,2";
			};
			name = Debug;
		};
		E533D56A206393D0009F9016 /* Release */ = {
			isa = XCBuildConfiguration;
			baseConfigurationReference = 9C4AD1DD37C9E440D261A4DA /* Pods-POCTableView.release.xcconfig */;
			buildSettings = {
				ASSETCATALOG_COMPILER_APPICON_NAME = AppIcon;
				CODE_SIGN_STYLE = Automatic;
				DEVELOPMENT_TEAM = XC9K46G54C;
				INFOPLIST_FILE = POCTableView/Info.plist;
				LD_RUNPATH_SEARCH_PATHS = "$(inherited) @executable_path/Frameworks";
				PRODUCT_BUNDLE_IDENTIFIER = biz.bondan.POCTableView;
				PRODUCT_NAME = "$(TARGET_NAME)";
				SWIFT_VERSION = 4.0;
				TARGETED_DEVICE_FAMILY = "1,2";
			};
			name = Release;
		};
/* End XCBuildConfiguration section */

/* Begin XCConfigurationList section */
		E533D551206393D0009F9016 /* Build configuration list for PBXProject "POCTableView" */ = {
			isa = XCConfigurationList;
			buildConfigurations = (
				E533D566206393D0009F9016 /* Debug */,
				E533D567206393D0009F9016 /* Release */,
			);
			defaultConfigurationIsVisible = 0;
			defaultConfigurationName = Release;
		};
		E533D568206393D0009F9016 /* Build configuration list for PBXNativeTarget "POCTableView" */ = {
			isa = XCConfigurationList;
			buildConfigurations = (
				E533D569206393D0009F9016 /* Debug */,
				E533D56A206393D0009F9016 /* Release */,
			);
			defaultConfigurationIsVisible = 0;
			defaultConfigurationName = Release;
		};
/* End XCConfigurationList section */
	};
	rootObject = E533D54E206393D0009F9016 /* Project object */;
}
